
Microsoft Visual Studio Solution File, Format Version 11.00
# Visual Studio 2010
Project("{2150E333-8FDC-42A3-9474-1A3956D46DE8}") = "docs", "docs", "{1C71420E-3277-4855-A266-E50593D8164D}"
	ProjectSection(SolutionItems) = preProject
		AUTHORS = AUTHORS
		LICENSE = LICENSE
		README.md = README.md
	EndProjectSection
EndProject
Project("{2150E333-8FDC-42A3-9474-1A3956D46DE8}") = "settings", "settings", "{F931F059-9877-4554-85E6-771DFECDFE00}"
	ProjectSection(SolutionItems) = preProject
		nuget\clrzmq-x64.nuspec = nuget\clrzmq-x64.nuspec
		clrzmq.5.1.ReSharper = clrzmq.5.1.ReSharper
		nuget\clrzmq.nuspec = nuget\clrzmq.nuspec
		Settings.StyleCop = Settings.StyleCop
	EndProjectSection
EndProject
Project("{2150E333-8FDC-42A3-9474-1A3956D46DE8}") = "perf", "perf", "{137A2F03-0D94-40F2-ADC7-3C194B143A78}"
EndProject
Project("{2150E333-8FDC-42A3-9474-1A3956D46DE8}") = "src", "src", "{30C08BF9-B591-4038-A54E-2D6D70F6EAB7}"
EndProject
Project("{2150E333-8FDC-42A3-9474-1A3956D46DE8}") = "tests", "tests", "{FED23C0F-5417-4B04-BCF3-B18DDDCF15E9}"
EndProject
Project("{FAE04EC0-301F-11D3-BF4B-00C04F79EFBC}") = "local_lat", "perf\local_lat\local_lat.csproj", "{E30D3D43-99B4-48ED-B060-56D88C77CCD0}"
EndProject
Project("{FAE04EC0-301F-11D3-BF4B-00C04F79EFBC}") = "local_thr", "perf\local_thr\local_thr.csproj", "{CB79FF77-F94F-4E4B-A860-7BF941EAA2B6}"
EndProject
Project("{FAE04EC0-301F-11D3-BF4B-00C04F79EFBC}") = "remote_lat", "perf\remote_lat\remote_lat.csproj", "{35C65BA4-86AF-43AE-9159-5CEE9D27C51D}"
EndProject
Project("{FAE04EC0-301F-11D3-BF4B-00C04F79EFBC}") = "remote_thr", "perf\remote_thr\remote_thr.csproj", "{0AF25616-C9CB-4137-B281-2100161A610C}"
EndProject
Project("{FAE04EC0-301F-11D3-BF4B-00C04F79EFBC}") = "clrzmq", "src\clrzmq\clrzmq.csproj", "{FE6D6CDD-8A04-4A3A-A654-5C687AB724E3}"
EndProject
Project("{FAE04EC0-301F-11D3-BF4B-00C04F79EFBC}") = "clrzmq-ext", "src\clrzmq-ext\clrzmq-ext.csproj", "{7203CF55-A452-407E-B767-4AA7BA616794}"
EndProject
Project("{FAE04EC0-301F-11D3-BF4B-00C04F79EFBC}") = "AsyncReturn", "tests\AsyncReturn\AsyncReturn.csproj", "{B06D0C3B-37E4-49E8-986A-ABE2DC6A2A93}"
EndProject
Project("{FAE04EC0-301F-11D3-BF4B-00C04F79EFBC}") = "WorkerPool", "tests\WorkerPool\WorkerPool.csproj", "{45D99DFA-FB55-4765-BB8B-B05C69D431E7}"
EndProject
Project("{FAE04EC0-301F-11D3-BF4B-00C04F79EFBC}") = "AcceptanceTests", "tests\AcceptanceTests\AcceptanceTests.csproj", "{7B12A63E-EC15-4F13-A91C-C03C7E97D8B6}"
EndProject
Project("{2150E333-8FDC-42A3-9474-1A3956D46DE8}") = "build", "build", "{FD546D7B-B1CF-43AF-81B1-A96AF545FDD7}"
	ProjectSection(SolutionItems) = preProject
		build.proj = build.proj
	EndProjectSection
EndProject
Global
	GlobalSection(SolutionConfigurationPlatforms) = preSolution
		POSIX_DEBUG|x64 = POSIX_DEBUG|x64
		POSIX_DEBUG|x86 = POSIX_DEBUG|x86
		POSIX_RELEASE|x64 = POSIX_RELEASE|x64
		POSIX_RELEASE|x86 = POSIX_RELEASE|x86
		WIN_DEBUG|x64 = WIN_DEBUG|x64
		WIN_DEBUG|x86 = WIN_DEBUG|x86
		WIN_RELEASE|x64 = WIN_RELEASE|x64
		WIN_RELEASE|x86 = WIN_RELEASE|x86
	EndGlobalSection
	GlobalSection(ProjectConfigurationPlatforms) = postSolution
		{E30D3D43-99B4-48ED-B060-56D88C77CCD0}.POSIX_DEBUG|x64.ActiveCfg = POSIX_DEBUG|x64
		{E30D3D43-99B4-48ED-B060-56D88C77CCD0}.POSIX_DEBUG|x64.Build.0 = POSIX_DEBUG|x64
		{E30D3D43-99B4-48ED-B060-56D88C77CCD0}.POSIX_DEBUG|x86.ActiveCfg = POSIX_DEBUG|x86
		{E30D3D43-99B4-48ED-B060-56D88C77CCD0}.POSIX_DEBUG|x86.Build.0 = POSIX_DEBUG|x86
		{E30D3D43-99B4-48ED-B060-56D88C77CCD0}.POSIX_RELEASE|x64.ActiveCfg = POSIX_RELEASE|x64
		{E30D3D43-99B4-48ED-B060-56D88C77CCD0}.POSIX_RELEASE|x64.Build.0 = POSIX_RELEASE|x64
		{E30D3D43-99B4-48ED-B060-56D88C77CCD0}.POSIX_RELEASE|x86.ActiveCfg = POSIX_RELEASE|x86
		{E30D3D43-99B4-48ED-B060-56D88C77CCD0}.POSIX_RELEASE|x86.Build.0 = POSIX_RELEASE|x86
		{E30D3D43-99B4-48ED-B060-56D88C77CCD0}.WIN_DEBUG|x64.ActiveCfg = WIN_DEBUG|x64
		{E30D3D43-99B4-48ED-B060-56D88C77CCD0}.WIN_DEBUG|x64.Build.0 = WIN_DEBUG|x64
		{E30D3D43-99B4-48ED-B060-56D88C77CCD0}.WIN_DEBUG|x86.ActiveCfg = WIN_DEBUG|x86
		{E30D3D43-99B4-48ED-B060-56D88C77CCD0}.WIN_DEBUG|x86.Build.0 = WIN_DEBUG|x86
		{E30D3D43-99B4-48ED-B060-56D88C77CCD0}.WIN_RELEASE|x64.ActiveCfg = WIN_RELEASE|x64
		{E30D3D43-99B4-48ED-B060-56D88C77CCD0}.WIN_RELEASE|x64.Build.0 = WIN_RELEASE|x64
		{E30D3D43-99B4-48ED-B060-56D88C77CCD0}.WIN_RELEASE|x86.ActiveCfg = WIN_RELEASE|x86
		{E30D3D43-99B4-48ED-B060-56D88C77CCD0}.WIN_RELEASE|x86.Build.0 = WIN_RELEASE|x86
		{CB79FF77-F94F-4E4B-A860-7BF941EAA2B6}.POSIX_DEBUG|x64.ActiveCfg = POSIX_DEBUG|x64
		{CB79FF77-F94F-4E4B-A860-7BF941EAA2B6}.POSIX_DEBUG|x64.Build.0 = POSIX_DEBUG|x64
		{CB79FF77-F94F-4E4B-A860-7BF941EAA2B6}.POSIX_DEBUG|x86.ActiveCfg = POSIX_DEBUG|x86
		{CB79FF77-F94F-4E4B-A860-7BF941EAA2B6}.POSIX_DEBUG|x86.Build.0 = POSIX_DEBUG|x86
		{CB79FF77-F94F-4E4B-A860-7BF941EAA2B6}.POSIX_RELEASE|x64.ActiveCfg = POSIX_RELEASE|x64
		{CB79FF77-F94F-4E4B-A860-7BF941EAA2B6}.POSIX_RELEASE|x64.Build.0 = POSIX_RELEASE|x64
		{CB79FF77-F94F-4E4B-A860-7BF941EAA2B6}.POSIX_RELEASE|x86.ActiveCfg = POSIX_RELEASE|x86
		{CB79FF77-F94F-4E4B-A860-7BF941EAA2B6}.POSIX_RELEASE|x86.Build.0 = POSIX_RELEASE|x86
		{CB79FF77-F94F-4E4B-A860-7BF941EAA2B6}.WIN_DEBUG|x64.ActiveCfg = WIN_DEBUG|x64
		{CB79FF77-F94F-4E4B-A860-7BF941EAA2B6}.WIN_DEBUG|x64.Build.0 = WIN_DEBUG|x64
		{CB79FF77-F94F-4E4B-A860-7BF941EAA2B6}.WIN_DEBUG|x86.ActiveCfg = WIN_DEBUG|x86
		{CB79FF77-F94F-4E4B-A860-7BF941EAA2B6}.WIN_DEBUG|x86.Build.0 = WIN_DEBUG|x86
		{CB79FF77-F94F-4E4B-A860-7BF941EAA2B6}.WIN_RELEASE|x64.ActiveCfg = WIN_RELEASE|x64
		{CB79FF77-F94F-4E4B-A860-7BF941EAA2B6}.WIN_RELEASE|x64.Build.0 = WIN_RELEASE|x64
		{CB79FF77-F94F-4E4B-A860-7BF941EAA2B6}.WIN_RELEASE|x86.ActiveCfg = WIN_RELEASE|x86
		{CB79FF77-F94F-4E4B-A860-7BF941EAA2B6}.WIN_RELEASE|x86.Build.0 = WIN_RELEASE|x86
		{35C65BA4-86AF-43AE-9159-5CEE9D27C51D}.POSIX_DEBUG|x64.ActiveCfg = POSIX_DEBUG|x64
		{35C65BA4-86AF-43AE-9159-5CEE9D27C51D}.POSIX_DEBUG|x64.Build.0 = POSIX_DEBUG|x64
		{35C65BA4-86AF-43AE-9159-5CEE9D27C51D}.POSIX_DEBUG|x86.ActiveCfg = POSIX_DEBUG|x86
		{35C65BA4-86AF-43AE-9159-5CEE9D27C51D}.POSIX_DEBUG|x86.Build.0 = POSIX_DEBUG|x86
		{35C65BA4-86AF-43AE-9159-5CEE9D27C51D}.POSIX_RELEASE|x64.ActiveCfg = POSIX_RELEASE|x64
		{35C65BA4-86AF-43AE-9159-5CEE9D27C51D}.POSIX_RELEASE|x64.Build.0 = POSIX_RELEASE|x64
		{35C65BA4-86AF-43AE-9159-5CEE9D27C51D}.POSIX_RELEASE|x86.ActiveCfg = POSIX_RELEASE|x86
		{35C65BA4-86AF-43AE-9159-5CEE9D27C51D}.POSIX_RELEASE|x86.Build.0 = POSIX_RELEASE|x86
		{35C65BA4-86AF-43AE-9159-5CEE9D27C51D}.WIN_DEBUG|x64.ActiveCfg = WIN_DEBUG|x64
		{35C65BA4-86AF-43AE-9159-5CEE9D27C51D}.WIN_DEBUG|x64.Build.0 = WIN_DEBUG|x64
		{35C65BA4-86AF-43AE-9159-5CEE9D27C51D}.WIN_DEBUG|x86.ActiveCfg = WIN_DEBUG|x86
		{35C65BA4-86AF-43AE-9159-5CEE9D27C51D}.WIN_DEBUG|x86.Build.0 = WIN_DEBUG|x86
		{35C65BA4-86AF-43AE-9159-5CEE9D27C51D}.WIN_RELEASE|x64.ActiveCfg = WIN_RELEASE|x64
		{35C65BA4-86AF-43AE-9159-5CEE9D27C51D}.WIN_RELEASE|x64.Build.0 = WIN_RELEASE|x64
		{35C65BA4-86AF-43AE-9159-5CEE9D27C51D}.WIN_RELEASE|x86.ActiveCfg = WIN_RELEASE|x86
		{35C65BA4-86AF-43AE-9159-5CEE9D27C51D}.WIN_RELEASE|x86.Build.0 = WIN_RELEASE|x86
		{0AF25616-C9CB-4137-B281-2100161A610C}.POSIX_DEBUG|x64.ActiveCfg = POSIX_DEBUG|x64
		{0AF25616-C9CB-4137-B281-2100161A610C}.POSIX_DEBUG|x64.Build.0 = POSIX_DEBUG|x64
		{0AF25616-C9CB-4137-B281-2100161A610C}.POSIX_DEBUG|x86.ActiveCfg = POSIX_DEBUG|x86
		{0AF25616-C9CB-4137-B281-2100161A610C}.POSIX_DEBUG|x86.Build.0 = POSIX_DEBUG|x86
		{0AF25616-C9CB-4137-B281-2100161A610C}.POSIX_RELEASE|x64.ActiveCfg = POSIX_RELEASE|x64
		{0AF25616-C9CB-4137-B281-2100161A610C}.POSIX_RELEASE|x64.Build.0 = POSIX_RELEASE|x64
		{0AF25616-C9CB-4137-B281-2100161A610C}.POSIX_RELEASE|x86.ActiveCfg = POSIX_RELEASE|x86
		{0AF25616-C9CB-4137-B281-2100161A610C}.POSIX_RELEASE|x86.Build.0 = POSIX_RELEASE|x86
		{0AF25616-C9CB-4137-B281-2100161A610C}.WIN_DEBUG|x64.ActiveCfg = WIN_DEBUG|x64
		{0AF25616-C9CB-4137-B281-2100161A610C}.WIN_DEBUG|x64.Build.0 = WIN_DEBUG|x64
		{0AF25616-C9CB-4137-B281-2100161A610C}.WIN_DEBUG|x86.ActiveCfg = WIN_DEBUG|x86
		{0AF25616-C9CB-4137-B281-2100161A610C}.WIN_DEBUG|x86.Build.0 = WIN_DEBUG|x86
		{0AF25616-C9CB-4137-B281-2100161A610C}.WIN_RELEASE|x64.ActiveCfg = WIN_RELEASE|x64
		{0AF25616-C9CB-4137-B281-2100161A610C}.WIN_RELEASE|x64.Build.0 = WIN_RELEASE|x64
		{0AF25616-C9CB-4137-B281-2100161A610C}.WIN_RELEASE|x86.ActiveCfg = WIN_RELEASE|x86
		{0AF25616-C9CB-4137-B281-2100161A610C}.WIN_RELEASE|x86.Build.0 = WIN_RELEASE|x86
		{FE6D6CDD-8A04-4A3A-A654-5C687AB724E3}.POSIX_DEBUG|x64.ActiveCfg = POSIX_DEBUG|x64
		{FE6D6CDD-8A04-4A3A-A654-5C687AB724E3}.POSIX_DEBUG|x64.Build.0 = POSIX_DEBUG|x64
		{FE6D6CDD-8A04-4A3A-A654-5C687AB724E3}.POSIX_DEBUG|x86.ActiveCfg = POSIX_DEBUG|x86
		{FE6D6CDD-8A04-4A3A-A654-5C687AB724E3}.POSIX_DEBUG|x86.Build.0 = POSIX_DEBUG|x86
		{FE6D6CDD-8A04-4A3A-A654-5C687AB724E3}.POSIX_RELEASE|x64.ActiveCfg = POSIX_RELEASE|x64
		{FE6D6CDD-8A04-4A3A-A654-5C687AB724E3}.POSIX_RELEASE|x64.Build.0 = POSIX_RELEASE|x64
		{FE6D6CDD-8A04-4A3A-A654-5C687AB724E3}.POSIX_RELEASE|x86.ActiveCfg = POSIX_RELEASE|x86
		{FE6D6CDD-8A04-4A3A-A654-5C687AB724E3}.POSIX_RELEASE|x86.Build.0 = POSIX_RELEASE|x86
		{FE6D6CDD-8A04-4A3A-A654-5C687AB724E3}.WIN_DEBUG|x64.ActiveCfg = WIN_DEBUG|x64
		{FE6D6CDD-8A04-4A3A-A654-5C687AB724E3}.WIN_DEBUG|x64.Build.0 = WIN_DEBUG|x64
		{FE6D6CDD-8A04-4A3A-A654-5C687AB724E3}.WIN_DEBUG|x86.ActiveCfg = WIN_DEBUG|x86
		{FE6D6CDD-8A04-4A3A-A654-5C687AB724E3}.WIN_DEBUG|x86.Build.0 = WIN_DEBUG|x86
		{FE6D6CDD-8A04-4A3A-A654-5C687AB724E3}.WIN_RELEASE|x64.ActiveCfg = WIN_RELEASE|x64
		{FE6D6CDD-8A04-4A3A-A654-5C687AB724E3}.WIN_RELEASE|x64.Build.0 = WIN_RELEASE|x64
		{FE6D6CDD-8A04-4A3A-A654-5C687AB724E3}.WIN_RELEASE|x86.ActiveCfg = WIN_RELEASE|x86
		{FE6D6CDD-8A04-4A3A-A654-5C687AB724E3}.WIN_RELEASE|x86.Build.0 = WIN_RELEASE|x86
		{7203CF55-A452-407E-B767-4AA7BA616794}.POSIX_DEBUG|x64.ActiveCfg = Debug|x64
		{7203CF55-A452-407E-B767-4AA7BA616794}.POSIX_DEBUG|x64.Build.0 = Debug|x64
		{7203CF55-A452-407E-B767-4AA7BA616794}.POSIX_DEBUG|x86.ActiveCfg = Debug|x86
		{7203CF55-A452-407E-B767-4AA7BA616794}.POSIX_DEBUG|x86.Build.0 = Debug|x86
		{7203CF55-A452-407E-B767-4AA7BA616794}.POSIX_RELEASE|x64.ActiveCfg = Release|x64
		{7203CF55-A452-407E-B767-4AA7BA616794}.POSIX_RELEASE|x64.Build.0 = Release|x64
		{7203CF55-A452-407E-B767-4AA7BA616794}.POSIX_RELEASE|x86.ActiveCfg = Release|x86
		{7203CF55-A452-407E-B767-4AA7BA616794}.POSIX_RELEASE|x86.Build.0 = Release|x86
		{7203CF55-A452-407E-B767-4AA7BA616794}.WIN_DEBUG|x64.ActiveCfg = Debug|x64
		{7203CF55-A452-407E-B767-4AA7BA616794}.WIN_DEBUG|x64.Build.0 = Debug|x64
		{7203CF55-A452-407E-B767-4AA7BA616794}.WIN_DEBUG|x86.ActiveCfg = Debug|x86
		{7203CF55-A452-407E-B767-4AA7BA616794}.WIN_DEBUG|x86.Build.0 = Debug|x86
		{7203CF55-A452-407E-B767-4AA7BA616794}.WIN_RELEASE|x64.ActiveCfg = Release|x64
		{7203CF55-A452-407E-B767-4AA7BA616794}.WIN_RELEASE|x64.Build.0 = Release|x64
		{7203CF55-A452-407E-B767-4AA7BA616794}.WIN_RELEASE|x86.ActiveCfg = Release|x86
		{7203CF55-A452-407E-B767-4AA7BA616794}.WIN_RELEASE|x86.Build.0 = Release|x86
		{B06D0C3B-37E4-49E8-986A-ABE2DC6A2A93}.POSIX_DEBUG|x64.ActiveCfg = Debug|x64
		{B06D0C3B-37E4-49E8-986A-ABE2DC6A2A93}.POSIX_DEBUG|x64.Build.0 = Debug|x64
		{B06D0C3B-37E4-49E8-986A-ABE2DC6A2A93}.POSIX_DEBUG|x86.ActiveCfg = Debug|x86
		{B06D0C3B-37E4-49E8-986A-ABE2DC6A2A93}.POSIX_DEBUG|x86.Build.0 = Debug|x86
		{B06D0C3B-37E4-49E8-986A-ABE2DC6A2A93}.POSIX_RELEASE|x64.ActiveCfg = Release|x64
		{B06D0C3B-37E4-49E8-986A-ABE2DC6A2A93}.POSIX_RELEASE|x64.Build.0 = Release|x64
		{B06D0C3B-37E4-49E8-986A-ABE2DC6A2A93}.POSIX_RELEASE|x86.ActiveCfg = Release|x86
		{B06D0C3B-37E4-49E8-986A-ABE2DC6A2A93}.POSIX_RELEASE|x86.Build.0 = Release|x86
		{B06D0C3B-37E4-49E8-986A-ABE2DC6A2A93}.WIN_DEBUG|x64.ActiveCfg = Debug|x64
		{B06D0C3B-37E4-49E8-986A-ABE2DC6A2A93}.WIN_DEBUG|x64.Build.0 = Debug|x64
		{B06D0C3B-37E4-49E8-986A-ABE2DC6A2A93}.WIN_DEBUG|x86.ActiveCfg = Debug|x86
		{B06D0C3B-37E4-49E8-986A-ABE2DC6A2A93}.WIN_DEBUG|x86.Build.0 = Debug|x86
		{B06D0C3B-37E4-49E8-986A-ABE2DC6A2A93}.WIN_RELEASE|x64.ActiveCfg = Release|x64
		{B06D0C3B-37E4-49E8-986A-ABE2DC6A2A93}.WIN_RELEASE|x64.Build.0 = Release|x64
		{B06D0C3B-37E4-49E8-986A-ABE2DC6A2A93}.WIN_RELEASE|x86.ActiveCfg = Release|x86
		{B06D0C3B-37E4-49E8-986A-ABE2DC6A2A93}.WIN_RELEASE|x86.Build.0 = Release|x86
		{45D99DFA-FB55-4765-BB8B-B05C69D431E7}.POSIX_DEBUG|x64.ActiveCfg = Debug|x64
		{45D99DFA-FB55-4765-BB8B-B05C69D431E7}.POSIX_DEBUG|x64.Build.0 = Debug|x64
		{45D99DFA-FB55-4765-BB8B-B05C69D431E7}.POSIX_DEBUG|x86.ActiveCfg = Debug|x86
		{45D99DFA-FB55-4765-BB8B-B05C69D431E7}.POSIX_DEBUG|x86.Build.0 = Debug|x86
		{45D99DFA-FB55-4765-BB8B-B05C69D431E7}.POSIX_RELEASE|x64.ActiveCfg = Release|x64
		{45D99DFA-FB55-4765-BB8B-B05C69D431E7}.POSIX_RELEASE|x64.Build.0 = Release|x64
		{45D99DFA-FB55-4765-BB8B-B05C69D431E7}.POSIX_RELEASE|x86.ActiveCfg = Release|x86
		{45D99DFA-FB55-4765-BB8B-B05C69D431E7}.POSIX_RELEASE|x86.Build.0 = Release|x86
		{45D99DFA-FB55-4765-BB8B-B05C69D431E7}.WIN_DEBUG|x64.ActiveCfg = Debug|x64
		{45D99DFA-FB55-4765-BB8B-B05C69D431E7}.WIN_DEBUG|x64.Build.0 = Debug|x64
		{45D99DFA-FB55-4765-BB8B-B05C69D431E7}.WIN_DEBUG|x86.ActiveCfg = Debug|x86
		{45D99DFA-FB55-4765-BB8B-B05C69D431E7}.WIN_DEBUG|x86.Build.0 = Debug|x86
		{45D99DFA-FB55-4765-BB8B-B05C69D431E7}.WIN_RELEASE|x64.ActiveCfg = Release|x64
		{45D99DFA-FB55-4765-BB8B-B05C69D431E7}.WIN_RELEASE|x64.Build.0 = Release|x64
		{45D99DFA-FB55-4765-BB8B-B05C69D431E7}.WIN_RELEASE|x86.ActiveCfg = Release|x86
		{45D99DFA-FB55-4765-BB8B-B05C69D431E7}.WIN_RELEASE|x86.Build.0 = Release|x86
		{7B12A63E-EC15-4F13-A91C-C03C7E97D8B6}.POSIX_DEBUG|x64.ActiveCfg = POSIX_DEBUG|x64
		{7B12A63E-EC15-4F13-A91C-C03C7E97D8B6}.POSIX_DEBUG|x64.Build.0 = POSIX_DEBUG|x64
		{7B12A63E-EC15-4F13-A91C-C03C7E97D8B6}.POSIX_DEBUG|x86.ActiveCfg = POSIX_DEBUG|x86
		{7B12A63E-EC15-4F13-A91C-C03C7E97D8B6}.POSIX_DEBUG|x86.Build.0 = POSIX_DEBUG|x86
		{7B12A63E-EC15-4F13-A91C-C03C7E97D8B6}.POSIX_RELEASE|x64.ActiveCfg = POSIX_RELEASE|x64
		{7B12A63E-EC15-4F13-A91C-C03C7E97D8B6}.POSIX_RELEASE|x64.Build.0 = POSIX_RELEASE|x64
		{7B12A63E-EC15-4F13-A91C-C03C7E97D8B6}.POSIX_RELEASE|x86.ActiveCfg = POSIX_RELEASE|x86
		{7B12A63E-EC15-4F13-A91C-C03C7E97D8B6}.POSIX_RELEASE|x86.Build.0 = POSIX_RELEASE|x86
		{7B12A63E-EC15-4F13-A91C-C03C7E97D8B6}.WIN_DEBUG|x64.ActiveCfg = WIN_DEBUG|x64
		{7B12A63E-EC15-4F13-A91C-C03C7E97D8B6}.WIN_DEBUG|x64.Build.0 = WIN_DEBUG|x64
		{7B12A63E-EC15-4F13-A91C-C03C7E97D8B6}.WIN_DEBUG|x86.ActiveCfg = WIN_DEBUG|x86
		{7B12A63E-EC15-4F13-A91C-C03C7E97D8B6}.WIN_DEBUG|x86.Build.0 = WIN_DEBUG|x86
		{7B12A63E-EC15-4F13-A91C-C03C7E97D8B6}.WIN_RELEASE|x64.ActiveCfg = WIN_RELEASE|x64
		{7B12A63E-EC15-4F13-A91C-C03C7E97D8B6}.WIN_RELEASE|x64.Build.0 = WIN_RELEASE|x64
		{7B12A63E-EC15-4F13-A91C-C03C7E97D8B6}.WIN_RELEASE|x86.ActiveCfg = WIN_RELEASE|x86
		{7B12A63E-EC15-4F13-A91C-C03C7E97D8B6}.WIN_RELEASE|x86.Build.0 = WIN_RELEASE|x86
	EndGlobalSection
	GlobalSection(SolutionProperties) = preSolution
		HideSolutionNode = FALSE
	EndGlobalSection
	GlobalSection(NestedProjects) = preSolution
		{E30D3D43-99B4-48ED-B060-56D88C77CCD0} = {137A2F03-0D94-40F2-ADC7-3C194B143A78}
		{CB79FF77-F94F-4E4B-A860-7BF941EAA2B6} = {137A2F03-0D94-40F2-ADC7-3C194B143A78}
		{35C65BA4-86AF-43AE-9159-5CEE9D27C51D} = {137A2F03-0D94-40F2-ADC7-3C194B143A78}
		{0AF25616-C9CB-4137-B281-2100161A610C} = {137A2F03-0D94-40F2-ADC7-3C194B143A78}
		{FE6D6CDD-8A04-4A3A-A654-5C687AB724E3} = {30C08BF9-B591-4038-A54E-2D6D70F6EAB7}
		{7203CF55-A452-407E-B767-4AA7BA616794} = {30C08BF9-B591-4038-A54E-2D6D70F6EAB7}
		{B06D0C3B-37E4-49E8-986A-ABE2DC6A2A93} = {FED23C0F-5417-4B04-BCF3-B18DDDCF15E9}
		{45D99DFA-FB55-4765-BB8B-B05C69D431E7} = {FED23C0F-5417-4B04-BCF3-B18DDDCF15E9}
		{7B12A63E-EC15-4F13-A91C-C03C7E97D8B6} = {FED23C0F-5417-4B04-BCF3-B18DDDCF15E9}
	EndGlobalSection
	GlobalSection(MonoDevelopProperties) = preSolution
		StartupItem = clrzmq\clrzmq.csproj
		version = 2.0.0.0
	EndGlobalSection
EndGlobal
