
Microsoft Visual Studio Solution File, Format Version 11.00
# Visual Studio 2010
Project("{FAE04EC0-301F-11D3-BF4B-00C04F79EFBC}") = "clrzmq", "clrzmq\clrzmq.csproj", "{FE6D6CDD-8A04-4A3A-A654-5C687AB724E3}"
EndProject
Project("{FAE04EC0-301F-11D3-BF4B-00C04F79EFBC}") = "local_lat", "local_lat\local_lat.csproj", "{E30D3D43-99B4-48ED-B060-56D88C77CCD0}"
EndProject
Project("{FAE04EC0-301F-11D3-BF4B-00C04F79EFBC}") = "local_thr", "local_thr\local_thr.csproj", "{CB79FF77-F94F-4E4B-A860-7BF941EAA2B6}"
EndProject
Project("{FAE04EC0-301F-11D3-BF4B-00C04F79EFBC}") = "remote_lat", "remote_lat\remote_lat.csproj", "{35C65BA4-86AF-43AE-9159-5CEE9D27C51D}"
EndProject
Project("{FAE04EC0-301F-11D3-BF4B-00C04F79EFBC}") = "remote_thr", "remote_thr\remote_thr.csproj", "{0AF25616-C9CB-4137-B281-2100161A610C}"
EndProject
Project("{FAE04EC0-301F-11D3-BF4B-00C04F79EFBC}") = "clrzmq-ext", "clrzmq-ext\clrzmq-ext.csproj", "{7203CF55-A452-407E-B767-4AA7BA616794}"
EndProject
Project("{FAE04EC0-301F-11D3-BF4B-00C04F79EFBC}") = "WorkerPool", "WorkerPool\WorkerPool.csproj", "{45D99DFA-FB55-4765-BB8B-B05C69D431E7}"
EndProject
Project("{FAE04EC0-301F-11D3-BF4B-00C04F79EFBC}") = "AsyncReturn", "AsyncReturn\AsyncReturn.csproj", "{B06D0C3B-37E4-49E8-986A-ABE2DC6A2A93}"
EndProject
Global
	GlobalSection(SolutionConfigurationPlatforms) = preSolution
		Debug|Any CPU = Debug|Any CPU
		Debug|Mixed Platforms = Debug|Mixed Platforms
		Debug|x64 = Debug|x64
		Debug|x86 = Debug|x86
		POSIX_DEBUG|Any CPU = POSIX_DEBUG|Any CPU
		POSIX_DEBUG|Mixed Platforms = POSIX_DEBUG|Mixed Platforms
		POSIX_DEBUG|x64 = POSIX_DEBUG|x64
		POSIX_DEBUG|x86 = POSIX_DEBUG|x86
		POSIX_RELEASE|Any CPU = POSIX_RELEASE|Any CPU
		POSIX_RELEASE|Mixed Platforms = POSIX_RELEASE|Mixed Platforms
		POSIX_RELEASE|x64 = POSIX_RELEASE|x64
		POSIX_RELEASE|x86 = POSIX_RELEASE|x86
		Release|Any CPU = Release|Any CPU
		Release|Mixed Platforms = Release|Mixed Platforms
		Release|x64 = Release|x64
		Release|x86 = Release|x86
		WIN_DEBUG|Any CPU = WIN_DEBUG|Any CPU
		WIN_DEBUG|Mixed Platforms = WIN_DEBUG|Mixed Platforms
		WIN_DEBUG|x64 = WIN_DEBUG|x64
		WIN_DEBUG|x86 = WIN_DEBUG|x86
		WIN_RELEASE|Any CPU = WIN_RELEASE|Any CPU
		WIN_RELEASE|Mixed Platforms = WIN_RELEASE|Mixed Platforms
		WIN_RELEASE|x64 = WIN_RELEASE|x64
		WIN_RELEASE|x86 = WIN_RELEASE|x86
	EndGlobalSection
	GlobalSection(ProjectConfigurationPlatforms) = postSolution
		{FE6D6CDD-8A04-4A3A-A654-5C687AB724E3}.Debug|Any CPU.ActiveCfg = WIN_DEBUG|x86
		{FE6D6CDD-8A04-4A3A-A654-5C687AB724E3}.Debug|Any CPU.Build.0 = WIN_DEBUG|x86
		{FE6D6CDD-8A04-4A3A-A654-5C687AB724E3}.Debug|Mixed Platforms.ActiveCfg = WIN_RELEASE|x86
		{FE6D6CDD-8A04-4A3A-A654-5C687AB724E3}.Debug|Mixed Platforms.Build.0 = WIN_RELEASE|x86
		{FE6D6CDD-8A04-4A3A-A654-5C687AB724E3}.Debug|x64.ActiveCfg = WIN_DEBUG|x64
		{FE6D6CDD-8A04-4A3A-A654-5C687AB724E3}.Debug|x64.Build.0 = WIN_DEBUG|x64
		{FE6D6CDD-8A04-4A3A-A654-5C687AB724E3}.Debug|x86.ActiveCfg = WIN_DEBUG|x86
		{FE6D6CDD-8A04-4A3A-A654-5C687AB724E3}.Debug|x86.Build.0 = WIN_DEBUG|x86
		{FE6D6CDD-8A04-4A3A-A654-5C687AB724E3}.POSIX_DEBUG|Any CPU.ActiveCfg = POSIX_DEBUG|x86
		{FE6D6CDD-8A04-4A3A-A654-5C687AB724E3}.POSIX_DEBUG|Any CPU.Build.0 = POSIX_DEBUG|x86
		{FE6D6CDD-8A04-4A3A-A654-5C687AB724E3}.POSIX_DEBUG|Mixed Platforms.ActiveCfg = POSIX_DEBUG|x86
		{FE6D6CDD-8A04-4A3A-A654-5C687AB724E3}.POSIX_DEBUG|Mixed Platforms.Build.0 = POSIX_DEBUG|x86
		{FE6D6CDD-8A04-4A3A-A654-5C687AB724E3}.POSIX_DEBUG|x64.ActiveCfg = POSIX_DEBUG|x64
		{FE6D6CDD-8A04-4A3A-A654-5C687AB724E3}.POSIX_DEBUG|x64.Build.0 = POSIX_DEBUG|x64
		{FE6D6CDD-8A04-4A3A-A654-5C687AB724E3}.POSIX_DEBUG|x86.ActiveCfg = POSIX_DEBUG|x86
		{FE6D6CDD-8A04-4A3A-A654-5C687AB724E3}.POSIX_DEBUG|x86.Build.0 = POSIX_DEBUG|x86
		{FE6D6CDD-8A04-4A3A-A654-5C687AB724E3}.POSIX_RELEASE|Any CPU.ActiveCfg = POSIX_RELEASE|x86
		{FE6D6CDD-8A04-4A3A-A654-5C687AB724E3}.POSIX_RELEASE|Any CPU.Build.0 = POSIX_RELEASE|x86
		{FE6D6CDD-8A04-4A3A-A654-5C687AB724E3}.POSIX_RELEASE|Mixed Platforms.ActiveCfg = POSIX_RELEASE|x86
		{FE6D6CDD-8A04-4A3A-A654-5C687AB724E3}.POSIX_RELEASE|Mixed Platforms.Build.0 = POSIX_RELEASE|x86
		{FE6D6CDD-8A04-4A3A-A654-5C687AB724E3}.POSIX_RELEASE|x64.ActiveCfg = POSIX_RELEASE|x64
		{FE6D6CDD-8A04-4A3A-A654-5C687AB724E3}.POSIX_RELEASE|x64.Build.0 = POSIX_RELEASE|x64
		{FE6D6CDD-8A04-4A3A-A654-5C687AB724E3}.POSIX_RELEASE|x86.ActiveCfg = POSIX_RELEASE|x86
		{FE6D6CDD-8A04-4A3A-A654-5C687AB724E3}.POSIX_RELEASE|x86.Build.0 = POSIX_RELEASE|x86
		{FE6D6CDD-8A04-4A3A-A654-5C687AB724E3}.Release|Any CPU.ActiveCfg = WIN_RELEASE|Any CPU
		{FE6D6CDD-8A04-4A3A-A654-5C687AB724E3}.Release|Any CPU.Build.0 = WIN_RELEASE|Any CPU
		{FE6D6CDD-8A04-4A3A-A654-5C687AB724E3}.Release|Mixed Platforms.ActiveCfg = WIN_RELEASE|x86
		{FE6D6CDD-8A04-4A3A-A654-5C687AB724E3}.Release|Mixed Platforms.Build.0 = WIN_RELEASE|x86
		{FE6D6CDD-8A04-4A3A-A654-5C687AB724E3}.Release|x64.ActiveCfg = WIN_RELEASE|x64
		{FE6D6CDD-8A04-4A3A-A654-5C687AB724E3}.Release|x64.Build.0 = WIN_RELEASE|x64
		{FE6D6CDD-8A04-4A3A-A654-5C687AB724E3}.Release|x86.ActiveCfg = WIN_RELEASE|x86
		{FE6D6CDD-8A04-4A3A-A654-5C687AB724E3}.Release|x86.Build.0 = WIN_RELEASE|x86
		{FE6D6CDD-8A04-4A3A-A654-5C687AB724E3}.WIN_DEBUG|Any CPU.ActiveCfg = WIN_DEBUG|x86
		{FE6D6CDD-8A04-4A3A-A654-5C687AB724E3}.WIN_DEBUG|Any CPU.Build.0 = WIN_DEBUG|x86
		{FE6D6CDD-8A04-4A3A-A654-5C687AB724E3}.WIN_DEBUG|Mixed Platforms.ActiveCfg = WIN_DEBUG|x86
		{FE6D6CDD-8A04-4A3A-A654-5C687AB724E3}.WIN_DEBUG|Mixed Platforms.Build.0 = WIN_DEBUG|x86
		{FE6D6CDD-8A04-4A3A-A654-5C687AB724E3}.WIN_DEBUG|x64.ActiveCfg = WIN_DEBUG|x64
		{FE6D6CDD-8A04-4A3A-A654-5C687AB724E3}.WIN_DEBUG|x64.Build.0 = WIN_DEBUG|x64
		{FE6D6CDD-8A04-4A3A-A654-5C687AB724E3}.WIN_DEBUG|x86.ActiveCfg = WIN_DEBUG|x86
		{FE6D6CDD-8A04-4A3A-A654-5C687AB724E3}.WIN_DEBUG|x86.Build.0 = WIN_DEBUG|x86
		{FE6D6CDD-8A04-4A3A-A654-5C687AB724E3}.WIN_RELEASE|Any CPU.ActiveCfg = WIN_RELEASE|x86
		{FE6D6CDD-8A04-4A3A-A654-5C687AB724E3}.WIN_RELEASE|Any CPU.Build.0 = WIN_RELEASE|x86
		{FE6D6CDD-8A04-4A3A-A654-5C687AB724E3}.WIN_RELEASE|Mixed Platforms.ActiveCfg = WIN_RELEASE|x86
		{FE6D6CDD-8A04-4A3A-A654-5C687AB724E3}.WIN_RELEASE|Mixed Platforms.Build.0 = WIN_RELEASE|x86
		{FE6D6CDD-8A04-4A3A-A654-5C687AB724E3}.WIN_RELEASE|x64.ActiveCfg = WIN_RELEASE|x64
		{FE6D6CDD-8A04-4A3A-A654-5C687AB724E3}.WIN_RELEASE|x64.Build.0 = WIN_RELEASE|x64
		{FE6D6CDD-8A04-4A3A-A654-5C687AB724E3}.WIN_RELEASE|x86.ActiveCfg = WIN_RELEASE|x86
		{FE6D6CDD-8A04-4A3A-A654-5C687AB724E3}.WIN_RELEASE|x86.Build.0 = WIN_RELEASE|x86
		{E30D3D43-99B4-48ED-B060-56D88C77CCD0}.Debug|Any CPU.ActiveCfg = WIN_DEBUG|x86
		{E30D3D43-99B4-48ED-B060-56D88C77CCD0}.Debug|Mixed Platforms.ActiveCfg = POSIX_RELEASE|x64
		{E30D3D43-99B4-48ED-B060-56D88C77CCD0}.Debug|Mixed Platforms.Build.0 = POSIX_RELEASE|x64
		{E30D3D43-99B4-48ED-B060-56D88C77CCD0}.Debug|x64.ActiveCfg = WIN_DEBUG|x64
		{E30D3D43-99B4-48ED-B060-56D88C77CCD0}.Debug|x86.ActiveCfg = WIN_DEBUG|x86
		{E30D3D43-99B4-48ED-B060-56D88C77CCD0}.POSIX_DEBUG|Any CPU.ActiveCfg = POSIX_DEBUG|x86
		{E30D3D43-99B4-48ED-B060-56D88C77CCD0}.POSIX_DEBUG|Mixed Platforms.ActiveCfg = POSIX_DEBUG|x64
		{E30D3D43-99B4-48ED-B060-56D88C77CCD0}.POSIX_DEBUG|Mixed Platforms.Build.0 = POSIX_DEBUG|x64
		{E30D3D43-99B4-48ED-B060-56D88C77CCD0}.POSIX_DEBUG|x64.ActiveCfg = POSIX_DEBUG|x64
		{E30D3D43-99B4-48ED-B060-56D88C77CCD0}.POSIX_DEBUG|x86.ActiveCfg = POSIX_DEBUG|x86
		{E30D3D43-99B4-48ED-B060-56D88C77CCD0}.POSIX_RELEASE|Any CPU.ActiveCfg = POSIX_RELEASE|x86
		{E30D3D43-99B4-48ED-B060-56D88C77CCD0}.POSIX_RELEASE|Mixed Platforms.ActiveCfg = POSIX_RELEASE|x64
		{E30D3D43-99B4-48ED-B060-56D88C77CCD0}.POSIX_RELEASE|Mixed Platforms.Build.0 = POSIX_RELEASE|x64
		{E30D3D43-99B4-48ED-B060-56D88C77CCD0}.POSIX_RELEASE|x64.ActiveCfg = POSIX_RELEASE|x64
		{E30D3D43-99B4-48ED-B060-56D88C77CCD0}.POSIX_RELEASE|x86.ActiveCfg = POSIX_RELEASE|x86
		{E30D3D43-99B4-48ED-B060-56D88C77CCD0}.Release|Any CPU.ActiveCfg = WIN_RELEASE|Any CPU
		{E30D3D43-99B4-48ED-B060-56D88C77CCD0}.Release|Mixed Platforms.ActiveCfg = POSIX_RELEASE|x64
		{E30D3D43-99B4-48ED-B060-56D88C77CCD0}.Release|Mixed Platforms.Build.0 = POSIX_RELEASE|x64
		{E30D3D43-99B4-48ED-B060-56D88C77CCD0}.Release|x64.ActiveCfg = WIN_RELEASE|x64
		{E30D3D43-99B4-48ED-B060-56D88C77CCD0}.Release|x86.ActiveCfg = WIN_RELEASE|x86
		{E30D3D43-99B4-48ED-B060-56D88C77CCD0}.WIN_DEBUG|Any CPU.ActiveCfg = WIN_DEBUG|x86
		{E30D3D43-99B4-48ED-B060-56D88C77CCD0}.WIN_DEBUG|Mixed Platforms.ActiveCfg = WIN_DEBUG|x86
		{E30D3D43-99B4-48ED-B060-56D88C77CCD0}.WIN_DEBUG|x64.ActiveCfg = WIN_DEBUG|x64
		{E30D3D43-99B4-48ED-B060-56D88C77CCD0}.WIN_DEBUG|x86.ActiveCfg = WIN_DEBUG|x86
		{E30D3D43-99B4-48ED-B060-56D88C77CCD0}.WIN_RELEASE|Any CPU.ActiveCfg = WIN_RELEASE|x86
		{E30D3D43-99B4-48ED-B060-56D88C77CCD0}.WIN_RELEASE|Mixed Platforms.ActiveCfg = WIN_RELEASE|x64
		{E30D3D43-99B4-48ED-B060-56D88C77CCD0}.WIN_RELEASE|Mixed Platforms.Build.0 = WIN_RELEASE|x64
		{E30D3D43-99B4-48ED-B060-56D88C77CCD0}.WIN_RELEASE|x64.ActiveCfg = WIN_RELEASE|x64
		{E30D3D43-99B4-48ED-B060-56D88C77CCD0}.WIN_RELEASE|x86.ActiveCfg = WIN_RELEASE|x86
		{CB79FF77-F94F-4E4B-A860-7BF941EAA2B6}.Debug|Any CPU.ActiveCfg = WIN_DEBUG|x86
		{CB79FF77-F94F-4E4B-A860-7BF941EAA2B6}.Debug|Mixed Platforms.ActiveCfg = POSIX_RELEASE|x64
		{CB79FF77-F94F-4E4B-A860-7BF941EAA2B6}.Debug|Mixed Platforms.Build.0 = POSIX_RELEASE|x64
		{CB79FF77-F94F-4E4B-A860-7BF941EAA2B6}.Debug|x64.ActiveCfg = WIN_DEBUG|x64
		{CB79FF77-F94F-4E4B-A860-7BF941EAA2B6}.Debug|x86.ActiveCfg = WIN_DEBUG|x86
		{CB79FF77-F94F-4E4B-A860-7BF941EAA2B6}.POSIX_DEBUG|Any CPU.ActiveCfg = POSIX_DEBUG|x86
		{CB79FF77-F94F-4E4B-A860-7BF941EAA2B6}.POSIX_DEBUG|Mixed Platforms.ActiveCfg = POSIX_DEBUG|x64
		{CB79FF77-F94F-4E4B-A860-7BF941EAA2B6}.POSIX_DEBUG|Mixed Platforms.Build.0 = POSIX_DEBUG|x64
		{CB79FF77-F94F-4E4B-A860-7BF941EAA2B6}.POSIX_DEBUG|x64.ActiveCfg = POSIX_DEBUG|x64
		{CB79FF77-F94F-4E4B-A860-7BF941EAA2B6}.POSIX_DEBUG|x86.ActiveCfg = POSIX_DEBUG|x86
		{CB79FF77-F94F-4E4B-A860-7BF941EAA2B6}.POSIX_RELEASE|Any CPU.ActiveCfg = POSIX_RELEASE|x86
		{CB79FF77-F94F-4E4B-A860-7BF941EAA2B6}.POSIX_RELEASE|Mixed Platforms.ActiveCfg = POSIX_RELEASE|x64
		{CB79FF77-F94F-4E4B-A860-7BF941EAA2B6}.POSIX_RELEASE|Mixed Platforms.Build.0 = POSIX_RELEASE|x64
		{CB79FF77-F94F-4E4B-A860-7BF941EAA2B6}.POSIX_RELEASE|x64.ActiveCfg = POSIX_RELEASE|x64
		{CB79FF77-F94F-4E4B-A860-7BF941EAA2B6}.POSIX_RELEASE|x86.ActiveCfg = POSIX_RELEASE|x86
		{CB79FF77-F94F-4E4B-A860-7BF941EAA2B6}.Release|Any CPU.ActiveCfg = WIN_RELEASE|Any CPU
		{CB79FF77-F94F-4E4B-A860-7BF941EAA2B6}.Release|Mixed Platforms.ActiveCfg = POSIX_RELEASE|x64
		{CB79FF77-F94F-4E4B-A860-7BF941EAA2B6}.Release|Mixed Platforms.Build.0 = POSIX_RELEASE|x64
		{CB79FF77-F94F-4E4B-A860-7BF941EAA2B6}.Release|x64.ActiveCfg = WIN_RELEASE|x64
		{CB79FF77-F94F-4E4B-A860-7BF941EAA2B6}.Release|x86.ActiveCfg = WIN_RELEASE|x86
		{CB79FF77-F94F-4E4B-A860-7BF941EAA2B6}.WIN_DEBUG|Any CPU.ActiveCfg = WIN_DEBUG|x86
		{CB79FF77-F94F-4E4B-A860-7BF941EAA2B6}.WIN_DEBUG|Mixed Platforms.ActiveCfg = WIN_DEBUG|x86
		{CB79FF77-F94F-4E4B-A860-7BF941EAA2B6}.WIN_DEBUG|x64.ActiveCfg = WIN_DEBUG|x64
		{CB79FF77-F94F-4E4B-A860-7BF941EAA2B6}.WIN_DEBUG|x86.ActiveCfg = WIN_DEBUG|x86
		{CB79FF77-F94F-4E4B-A860-7BF941EAA2B6}.WIN_RELEASE|Any CPU.ActiveCfg = WIN_RELEASE|x86
		{CB79FF77-F94F-4E4B-A860-7BF941EAA2B6}.WIN_RELEASE|Mixed Platforms.ActiveCfg = WIN_RELEASE|x64
		{CB79FF77-F94F-4E4B-A860-7BF941EAA2B6}.WIN_RELEASE|Mixed Platforms.Build.0 = WIN_RELEASE|x64
		{CB79FF77-F94F-4E4B-A860-7BF941EAA2B6}.WIN_RELEASE|x64.ActiveCfg = WIN_RELEASE|x64
		{CB79FF77-F94F-4E4B-A860-7BF941EAA2B6}.WIN_RELEASE|x86.ActiveCfg = WIN_RELEASE|x86
		{35C65BA4-86AF-43AE-9159-5CEE9D27C51D}.Debug|Any CPU.ActiveCfg = WIN_DEBUG|x86
		{35C65BA4-86AF-43AE-9159-5CEE9D27C51D}.Debug|Mixed Platforms.ActiveCfg = POSIX_RELEASE|x64
		{35C65BA4-86AF-43AE-9159-5CEE9D27C51D}.Debug|Mixed Platforms.Build.0 = POSIX_RELEASE|x64
		{35C65BA4-86AF-43AE-9159-5CEE9D27C51D}.Debug|x64.ActiveCfg = WIN_DEBUG|x64
		{35C65BA4-86AF-43AE-9159-5CEE9D27C51D}.Debug|x86.ActiveCfg = WIN_DEBUG|x86
		{35C65BA4-86AF-43AE-9159-5CEE9D27C51D}.POSIX_DEBUG|Any CPU.ActiveCfg = POSIX_DEBUG|x86
		{35C65BA4-86AF-43AE-9159-5CEE9D27C51D}.POSIX_DEBUG|Mixed Platforms.ActiveCfg = POSIX_DEBUG|x64
		{35C65BA4-86AF-43AE-9159-5CEE9D27C51D}.POSIX_DEBUG|Mixed Platforms.Build.0 = POSIX_DEBUG|x64
		{35C65BA4-86AF-43AE-9159-5CEE9D27C51D}.POSIX_DEBUG|x64.ActiveCfg = POSIX_DEBUG|x64
		{35C65BA4-86AF-43AE-9159-5CEE9D27C51D}.POSIX_DEBUG|x86.ActiveCfg = POSIX_DEBUG|x86
		{35C65BA4-86AF-43AE-9159-5CEE9D27C51D}.POSIX_RELEASE|Any CPU.ActiveCfg = POSIX_RELEASE|x86
		{35C65BA4-86AF-43AE-9159-5CEE9D27C51D}.POSIX_RELEASE|Mixed Platforms.ActiveCfg = POSIX_RELEASE|x64
		{35C65BA4-86AF-43AE-9159-5CEE9D27C51D}.POSIX_RELEASE|Mixed Platforms.Build.0 = POSIX_RELEASE|x64
		{35C65BA4-86AF-43AE-9159-5CEE9D27C51D}.POSIX_RELEASE|x64.ActiveCfg = POSIX_RELEASE|x64
		{35C65BA4-86AF-43AE-9159-5CEE9D27C51D}.POSIX_RELEASE|x86.ActiveCfg = POSIX_RELEASE|x86
		{35C65BA4-86AF-43AE-9159-5CEE9D27C51D}.Release|Any CPU.ActiveCfg = WIN_RELEASE|Any CPU
		{35C65BA4-86AF-43AE-9159-5CEE9D27C51D}.Release|Mixed Platforms.ActiveCfg = POSIX_RELEASE|x64
		{35C65BA4-86AF-43AE-9159-5CEE9D27C51D}.Release|Mixed Platforms.Build.0 = POSIX_RELEASE|x64
		{35C65BA4-86AF-43AE-9159-5CEE9D27C51D}.Release|x64.ActiveCfg = WIN_RELEASE|x64
		{35C65BA4-86AF-43AE-9159-5CEE9D27C51D}.Release|x86.ActiveCfg = WIN_RELEASE|x86
		{35C65BA4-86AF-43AE-9159-5CEE9D27C51D}.WIN_DEBUG|Any CPU.ActiveCfg = WIN_DEBUG|x86
		{35C65BA4-86AF-43AE-9159-5CEE9D27C51D}.WIN_DEBUG|Mixed Platforms.ActiveCfg = WIN_DEBUG|x86
		{35C65BA4-86AF-43AE-9159-5CEE9D27C51D}.WIN_DEBUG|x64.ActiveCfg = WIN_DEBUG|x64
		{35C65BA4-86AF-43AE-9159-5CEE9D27C51D}.WIN_DEBUG|x86.ActiveCfg = WIN_DEBUG|x86
		{35C65BA4-86AF-43AE-9159-5CEE9D27C51D}.WIN_RELEASE|Any CPU.ActiveCfg = WIN_RELEASE|x86
		{35C65BA4-86AF-43AE-9159-5CEE9D27C51D}.WIN_RELEASE|Mixed Platforms.ActiveCfg = WIN_RELEASE|x64
		{35C65BA4-86AF-43AE-9159-5CEE9D27C51D}.WIN_RELEASE|Mixed Platforms.Build.0 = WIN_RELEASE|x64
		{35C65BA4-86AF-43AE-9159-5CEE9D27C51D}.WIN_RELEASE|x64.ActiveCfg = WIN_RELEASE|x64
		{35C65BA4-86AF-43AE-9159-5CEE9D27C51D}.WIN_RELEASE|x86.ActiveCfg = WIN_RELEASE|x86
		{0AF25616-C9CB-4137-B281-2100161A610C}.Debug|Any CPU.ActiveCfg = WIN_DEBUG|x86
		{0AF25616-C9CB-4137-B281-2100161A610C}.Debug|Mixed Platforms.ActiveCfg = POSIX_RELEASE|x64
		{0AF25616-C9CB-4137-B281-2100161A610C}.Debug|Mixed Platforms.Build.0 = POSIX_RELEASE|x64
		{0AF25616-C9CB-4137-B281-2100161A610C}.Debug|x64.ActiveCfg = WIN_DEBUG|x64
		{0AF25616-C9CB-4137-B281-2100161A610C}.Debug|x86.ActiveCfg = WIN_DEBUG|x86
		{0AF25616-C9CB-4137-B281-2100161A610C}.POSIX_DEBUG|Any CPU.ActiveCfg = POSIX_DEBUG|x86
		{0AF25616-C9CB-4137-B281-2100161A610C}.POSIX_DEBUG|Mixed Platforms.ActiveCfg = POSIX_DEBUG|x64
		{0AF25616-C9CB-4137-B281-2100161A610C}.POSIX_DEBUG|Mixed Platforms.Build.0 = POSIX_DEBUG|x64
		{0AF25616-C9CB-4137-B281-2100161A610C}.POSIX_DEBUG|x64.ActiveCfg = POSIX_DEBUG|x64
		{0AF25616-C9CB-4137-B281-2100161A610C}.POSIX_DEBUG|x86.ActiveCfg = POSIX_DEBUG|x86
		{0AF25616-C9CB-4137-B281-2100161A610C}.POSIX_RELEASE|Any CPU.ActiveCfg = POSIX_RELEASE|x86
		{0AF25616-C9CB-4137-B281-2100161A610C}.POSIX_RELEASE|Mixed Platforms.ActiveCfg = POSIX_RELEASE|x64
		{0AF25616-C9CB-4137-B281-2100161A610C}.POSIX_RELEASE|Mixed Platforms.Build.0 = POSIX_RELEASE|x64
		{0AF25616-C9CB-4137-B281-2100161A610C}.POSIX_RELEASE|x64.ActiveCfg = POSIX_RELEASE|x64
		{0AF25616-C9CB-4137-B281-2100161A610C}.POSIX_RELEASE|x86.ActiveCfg = POSIX_RELEASE|x86
		{0AF25616-C9CB-4137-B281-2100161A610C}.Release|Any CPU.ActiveCfg = WIN_RELEASE|Any CPU
		{0AF25616-C9CB-4137-B281-2100161A610C}.Release|Mixed Platforms.ActiveCfg = POSIX_RELEASE|x64
		{0AF25616-C9CB-4137-B281-2100161A610C}.Release|Mixed Platforms.Build.0 = POSIX_RELEASE|x64
		{0AF25616-C9CB-4137-B281-2100161A610C}.Release|x64.ActiveCfg = WIN_RELEASE|x64
		{0AF25616-C9CB-4137-B281-2100161A610C}.Release|x86.ActiveCfg = WIN_RELEASE|x86
		{0AF25616-C9CB-4137-B281-2100161A610C}.WIN_DEBUG|Any CPU.ActiveCfg = WIN_DEBUG|x86
		{0AF25616-C9CB-4137-B281-2100161A610C}.WIN_DEBUG|Mixed Platforms.ActiveCfg = WIN_DEBUG|x86
		{0AF25616-C9CB-4137-B281-2100161A610C}.WIN_DEBUG|x64.ActiveCfg = WIN_DEBUG|x64
		{0AF25616-C9CB-4137-B281-2100161A610C}.WIN_DEBUG|x86.ActiveCfg = WIN_DEBUG|x86
		{0AF25616-C9CB-4137-B281-2100161A610C}.WIN_RELEASE|Any CPU.ActiveCfg = WIN_RELEASE|x86
		{0AF25616-C9CB-4137-B281-2100161A610C}.WIN_RELEASE|Mixed Platforms.ActiveCfg = WIN_RELEASE|x64
		{0AF25616-C9CB-4137-B281-2100161A610C}.WIN_RELEASE|Mixed Platforms.Build.0 = WIN_RELEASE|x64
		{0AF25616-C9CB-4137-B281-2100161A610C}.WIN_RELEASE|x64.ActiveCfg = WIN_RELEASE|x64
		{0AF25616-C9CB-4137-B281-2100161A610C}.WIN_RELEASE|x86.ActiveCfg = WIN_RELEASE|x86
		{7203CF55-A452-407E-B767-4AA7BA616794}.Debug|Any CPU.ActiveCfg = Debug|x86
		{7203CF55-A452-407E-B767-4AA7BA616794}.Debug|Mixed Platforms.ActiveCfg = Debug|x86
		{7203CF55-A452-407E-B767-4AA7BA616794}.Debug|Mixed Platforms.Build.0 = Debug|x86
		{7203CF55-A452-407E-B767-4AA7BA616794}.Debug|x64.ActiveCfg = Debug|x64
		{7203CF55-A452-407E-B767-4AA7BA616794}.Debug|x86.ActiveCfg = Debug|x86
		{7203CF55-A452-407E-B767-4AA7BA616794}.POSIX_DEBUG|Any CPU.ActiveCfg = Release|x86
		{7203CF55-A452-407E-B767-4AA7BA616794}.POSIX_DEBUG|Mixed Platforms.ActiveCfg = Release|x86
		{7203CF55-A452-407E-B767-4AA7BA616794}.POSIX_DEBUG|Mixed Platforms.Build.0 = Release|x86
		{7203CF55-A452-407E-B767-4AA7BA616794}.POSIX_DEBUG|x64.ActiveCfg = Debug|x64
		{7203CF55-A452-407E-B767-4AA7BA616794}.POSIX_DEBUG|x86.ActiveCfg = Debug|x86
		{7203CF55-A452-407E-B767-4AA7BA616794}.POSIX_RELEASE|Any CPU.ActiveCfg = Release|x86
		{7203CF55-A452-407E-B767-4AA7BA616794}.POSIX_RELEASE|Mixed Platforms.ActiveCfg = Release|x86
		{7203CF55-A452-407E-B767-4AA7BA616794}.POSIX_RELEASE|Mixed Platforms.Build.0 = Release|x86
		{7203CF55-A452-407E-B767-4AA7BA616794}.POSIX_RELEASE|x64.ActiveCfg = Release|x64
		{7203CF55-A452-407E-B767-4AA7BA616794}.POSIX_RELEASE|x86.ActiveCfg = Release|x86
		{7203CF55-A452-407E-B767-4AA7BA616794}.Release|Any CPU.ActiveCfg = Release|Any CPU
		{7203CF55-A452-407E-B767-4AA7BA616794}.Release|Any CPU.Build.0 = Release|Any CPU
		{7203CF55-A452-407E-B767-4AA7BA616794}.Release|Mixed Platforms.ActiveCfg = Release|x86
		{7203CF55-A452-407E-B767-4AA7BA616794}.Release|Mixed Platforms.Build.0 = Release|x86
		{7203CF55-A452-407E-B767-4AA7BA616794}.Release|x64.ActiveCfg = Release|x64
		{7203CF55-A452-407E-B767-4AA7BA616794}.Release|x86.ActiveCfg = Release|x86
		{7203CF55-A452-407E-B767-4AA7BA616794}.WIN_DEBUG|Any CPU.ActiveCfg = Debug|x86
		{7203CF55-A452-407E-B767-4AA7BA616794}.WIN_DEBUG|Mixed Platforms.ActiveCfg = Debug|x86
		{7203CF55-A452-407E-B767-4AA7BA616794}.WIN_DEBUG|x64.ActiveCfg = Debug|x64
		{7203CF55-A452-407E-B767-4AA7BA616794}.WIN_DEBUG|x86.ActiveCfg = Debug|x86
		{7203CF55-A452-407E-B767-4AA7BA616794}.WIN_RELEASE|Any CPU.ActiveCfg = Release|x86
		{7203CF55-A452-407E-B767-4AA7BA616794}.WIN_RELEASE|Mixed Platforms.ActiveCfg = Release|x86
		{7203CF55-A452-407E-B767-4AA7BA616794}.WIN_RELEASE|Mixed Platforms.Build.0 = Release|x86
		{7203CF55-A452-407E-B767-4AA7BA616794}.WIN_RELEASE|x64.ActiveCfg = Release|x64
		{7203CF55-A452-407E-B767-4AA7BA616794}.WIN_RELEASE|x86.ActiveCfg = Release|x86
		{45D99DFA-FB55-4765-BB8B-B05C69D431E7}.Debug|Any CPU.ActiveCfg = Debug|x86
		{45D99DFA-FB55-4765-BB8B-B05C69D431E7}.Debug|Mixed Platforms.ActiveCfg = Debug|x86
		{45D99DFA-FB55-4765-BB8B-B05C69D431E7}.Debug|Mixed Platforms.Build.0 = Debug|x86
		{45D99DFA-FB55-4765-BB8B-B05C69D431E7}.Debug|x64.ActiveCfg = Debug|x64
		{45D99DFA-FB55-4765-BB8B-B05C69D431E7}.Debug|x86.ActiveCfg = Debug|x86
		{45D99DFA-FB55-4765-BB8B-B05C69D431E7}.POSIX_DEBUG|Any CPU.ActiveCfg = Release|x86
		{45D99DFA-FB55-4765-BB8B-B05C69D431E7}.POSIX_DEBUG|Mixed Platforms.ActiveCfg = Release|x86
		{45D99DFA-FB55-4765-BB8B-B05C69D431E7}.POSIX_DEBUG|Mixed Platforms.Build.0 = Release|x86
		{45D99DFA-FB55-4765-BB8B-B05C69D431E7}.POSIX_DEBUG|x64.ActiveCfg = Debug|x64
		{45D99DFA-FB55-4765-BB8B-B05C69D431E7}.POSIX_DEBUG|x86.ActiveCfg = Debug|x86
		{45D99DFA-FB55-4765-BB8B-B05C69D431E7}.POSIX_RELEASE|Any CPU.ActiveCfg = Release|x86
		{45D99DFA-FB55-4765-BB8B-B05C69D431E7}.POSIX_RELEASE|Mixed Platforms.ActiveCfg = Release|x86
		{45D99DFA-FB55-4765-BB8B-B05C69D431E7}.POSIX_RELEASE|Mixed Platforms.Build.0 = Release|x86
		{45D99DFA-FB55-4765-BB8B-B05C69D431E7}.POSIX_RELEASE|x64.ActiveCfg = Release|x64
		{45D99DFA-FB55-4765-BB8B-B05C69D431E7}.POSIX_RELEASE|x86.ActiveCfg = Release|x86
		{45D99DFA-FB55-4765-BB8B-B05C69D431E7}.Release|Any CPU.ActiveCfg = Release|Any CPU
		{45D99DFA-FB55-4765-BB8B-B05C69D431E7}.Release|Mixed Platforms.ActiveCfg = Release|x86
		{45D99DFA-FB55-4765-BB8B-B05C69D431E7}.Release|Mixed Platforms.Build.0 = Release|x86
		{45D99DFA-FB55-4765-BB8B-B05C69D431E7}.Release|x64.ActiveCfg = Release|x64
		{45D99DFA-FB55-4765-BB8B-B05C69D431E7}.Release|x86.ActiveCfg = Release|x86
		{45D99DFA-FB55-4765-BB8B-B05C69D431E7}.WIN_DEBUG|Any CPU.ActiveCfg = Debug|x86
		{45D99DFA-FB55-4765-BB8B-B05C69D431E7}.WIN_DEBUG|Mixed Platforms.ActiveCfg = Debug|x86
		{45D99DFA-FB55-4765-BB8B-B05C69D431E7}.WIN_DEBUG|x64.ActiveCfg = Debug|x64
		{45D99DFA-FB55-4765-BB8B-B05C69D431E7}.WIN_DEBUG|x86.ActiveCfg = Debug|x86
		{45D99DFA-FB55-4765-BB8B-B05C69D431E7}.WIN_RELEASE|Any CPU.ActiveCfg = Release|x86
		{45D99DFA-FB55-4765-BB8B-B05C69D431E7}.WIN_RELEASE|Mixed Platforms.ActiveCfg = Release|x86
		{45D99DFA-FB55-4765-BB8B-B05C69D431E7}.WIN_RELEASE|Mixed Platforms.Build.0 = Release|x86
		{45D99DFA-FB55-4765-BB8B-B05C69D431E7}.WIN_RELEASE|x64.ActiveCfg = Release|x64
		{45D99DFA-FB55-4765-BB8B-B05C69D431E7}.WIN_RELEASE|x86.ActiveCfg = Release|x86
		{B06D0C3B-37E4-49E8-986A-ABE2DC6A2A93}.Debug|Any CPU.ActiveCfg = Debug|x86
		{B06D0C3B-37E4-49E8-986A-ABE2DC6A2A93}.Debug|Mixed Platforms.ActiveCfg = Debug|x86
		{B06D0C3B-37E4-49E8-986A-ABE2DC6A2A93}.Debug|Mixed Platforms.Build.0 = Debug|x86
		{B06D0C3B-37E4-49E8-986A-ABE2DC6A2A93}.Debug|x64.ActiveCfg = Debug|x64
		{B06D0C3B-37E4-49E8-986A-ABE2DC6A2A93}.Debug|x86.ActiveCfg = Debug|x86
		{B06D0C3B-37E4-49E8-986A-ABE2DC6A2A93}.POSIX_DEBUG|Any CPU.ActiveCfg = Release|x86
		{B06D0C3B-37E4-49E8-986A-ABE2DC6A2A93}.POSIX_DEBUG|Mixed Platforms.ActiveCfg = Release|x86
		{B06D0C3B-37E4-49E8-986A-ABE2DC6A2A93}.POSIX_DEBUG|Mixed Platforms.Build.0 = Release|x86
		{B06D0C3B-37E4-49E8-986A-ABE2DC6A2A93}.POSIX_DEBUG|x64.ActiveCfg = Debug|x64
		{B06D0C3B-37E4-49E8-986A-ABE2DC6A2A93}.POSIX_DEBUG|x86.ActiveCfg = Debug|x86
		{B06D0C3B-37E4-49E8-986A-ABE2DC6A2A93}.POSIX_RELEASE|Any CPU.ActiveCfg = Release|x86
		{B06D0C3B-37E4-49E8-986A-ABE2DC6A2A93}.POSIX_RELEASE|Mixed Platforms.ActiveCfg = Release|x86
		{B06D0C3B-37E4-49E8-986A-ABE2DC6A2A93}.POSIX_RELEASE|Mixed Platforms.Build.0 = Release|x86
		{B06D0C3B-37E4-49E8-986A-ABE2DC6A2A93}.POSIX_RELEASE|x64.ActiveCfg = Release|x64
		{B06D0C3B-37E4-49E8-986A-ABE2DC6A2A93}.POSIX_RELEASE|x86.ActiveCfg = Release|x86
		{B06D0C3B-37E4-49E8-986A-ABE2DC6A2A93}.Release|Any CPU.ActiveCfg = Release|Any CPU
		{B06D0C3B-37E4-49E8-986A-ABE2DC6A2A93}.Release|Mixed Platforms.ActiveCfg = Release|x86
		{B06D0C3B-37E4-49E8-986A-ABE2DC6A2A93}.Release|Mixed Platforms.Build.0 = Release|x86
		{B06D0C3B-37E4-49E8-986A-ABE2DC6A2A93}.Release|x64.ActiveCfg = Release|x64
		{B06D0C3B-37E4-49E8-986A-ABE2DC6A2A93}.Release|x86.ActiveCfg = Release|x86
		{B06D0C3B-37E4-49E8-986A-ABE2DC6A2A93}.WIN_DEBUG|Any CPU.ActiveCfg = Debug|x86
		{B06D0C3B-37E4-49E8-986A-ABE2DC6A2A93}.WIN_DEBUG|Mixed Platforms.ActiveCfg = Debug|x86
		{B06D0C3B-37E4-49E8-986A-ABE2DC6A2A93}.WIN_DEBUG|x64.ActiveCfg = Debug|x64
		{B06D0C3B-37E4-49E8-986A-ABE2DC6A2A93}.WIN_DEBUG|x86.ActiveCfg = Debug|x86
		{B06D0C3B-37E4-49E8-986A-ABE2DC6A2A93}.WIN_RELEASE|Any CPU.ActiveCfg = Release|x86
		{B06D0C3B-37E4-49E8-986A-ABE2DC6A2A93}.WIN_RELEASE|Mixed Platforms.ActiveCfg = Release|x86
		{B06D0C3B-37E4-49E8-986A-ABE2DC6A2A93}.WIN_RELEASE|Mixed Platforms.Build.0 = Release|x86
		{B06D0C3B-37E4-49E8-986A-ABE2DC6A2A93}.WIN_RELEASE|x64.ActiveCfg = Release|x64
		{B06D0C3B-37E4-49E8-986A-ABE2DC6A2A93}.WIN_RELEASE|x86.ActiveCfg = Release|x86
	EndGlobalSection
	GlobalSection(SolutionProperties) = preSolution
		HideSolutionNode = FALSE
	EndGlobalSection
	GlobalSection(MonoDevelopProperties) = preSolution
		StartupItem = clrzmq\clrzmq.csproj
		version = 2.0.0.0
	EndGlobalSection
EndGlobal
