
Microsoft Visual Studio Solution File, Format Version 9.00
# Visual Studio 2005
Project("{FAE04EC0-301F-11D3-BF4B-00C04F79EFBC}") = "clrzmq", "clrzmq\clrzmq.csproj", "{FE6D6CDD-8A04-4A3A-A654-5C687AB724E3}"
EndProject
Project("{FAE04EC0-301F-11D3-BF4B-00C04F79EFBC}") = "local_lat", "local_lat\local_lat.csproj", "{E30D3D43-99B4-48ED-B060-56D88C77CCD0}"
EndProject
Project("{FAE04EC0-301F-11D3-BF4B-00C04F79EFBC}") = "local_thr", "local_thr\local_thr.csproj", "{CB79FF77-F94F-4E4B-A860-7BF941EAA2B6}"
EndProject
Project("{FAE04EC0-301F-11D3-BF4B-00C04F79EFBC}") = "remote_lat", "remote_lat\remote_lat.csproj", "{35C65BA4-86AF-43AE-9159-5CEE9D27C51D}"
EndProject
Project("{FAE04EC0-301F-11D3-BF4B-00C04F79EFBC}") = "remote_thr", "remote_thr\remote_thr.csproj", "{0AF25616-C9CB-4137-B281-2100161A610C}"
EndProject
Global
	GlobalSection(SolutionConfigurationPlatforms) = preSolution
		Debug|x64 = Debug|x64
		Debug|x86 = Debug|x86
		POSIX_DEBUG|x64 = POSIX_DEBUG|x64
		POSIX_DEBUG|x86 = POSIX_DEBUG|x86
		POSIX_RELEASE|x64 = POSIX_RELEASE|x64
		POSIX_RELEASE|x86 = POSIX_RELEASE|x86
		Release|x64 = Release|x64
		Release|x86 = Release|x86
	EndGlobalSection
	GlobalSection(ProjectConfigurationPlatforms) = postSolution
		{0AF25616-C9CB-4137-B281-2100161A610C}.Debug|x64.ActiveCfg = Debug|x86
		{0AF25616-C9CB-4137-B281-2100161A610C}.Debug|x86.ActiveCfg = Debug|x86
		{0AF25616-C9CB-4137-B281-2100161A610C}.Debug|x86.Build.0 = Debug|x86
		{0AF25616-C9CB-4137-B281-2100161A610C}.POSIX_DEBUG|x64.ActiveCfg = Release|x86
		{0AF25616-C9CB-4137-B281-2100161A610C}.POSIX_DEBUG|x86.ActiveCfg = Release|x86
		{0AF25616-C9CB-4137-B281-2100161A610C}.POSIX_DEBUG|x86.Build.0 = Release|x86
		{0AF25616-C9CB-4137-B281-2100161A610C}.POSIX_RELEASE|x64.ActiveCfg = Release|x86
		{0AF25616-C9CB-4137-B281-2100161A610C}.POSIX_RELEASE|x86.ActiveCfg = Release|x86
		{0AF25616-C9CB-4137-B281-2100161A610C}.POSIX_RELEASE|x86.Build.0 = Release|x86
		{0AF25616-C9CB-4137-B281-2100161A610C}.Release|x64.ActiveCfg = Release|x86
		{0AF25616-C9CB-4137-B281-2100161A610C}.Release|x86.ActiveCfg = Release|x86
		{0AF25616-C9CB-4137-B281-2100161A610C}.Release|x86.Build.0 = Release|x86
		{35C65BA4-86AF-43AE-9159-5CEE9D27C51D}.Debug|x64.ActiveCfg = Debug|x86
		{35C65BA4-86AF-43AE-9159-5CEE9D27C51D}.Debug|x86.ActiveCfg = Debug|x86
		{35C65BA4-86AF-43AE-9159-5CEE9D27C51D}.Debug|x86.Build.0 = Debug|x86
		{35C65BA4-86AF-43AE-9159-5CEE9D27C51D}.POSIX_DEBUG|x64.ActiveCfg = Release|x86
		{35C65BA4-86AF-43AE-9159-5CEE9D27C51D}.POSIX_DEBUG|x86.ActiveCfg = Release|x86
		{35C65BA4-86AF-43AE-9159-5CEE9D27C51D}.POSIX_DEBUG|x86.Build.0 = Release|x86
		{35C65BA4-86AF-43AE-9159-5CEE9D27C51D}.POSIX_RELEASE|x64.ActiveCfg = Release|x86
		{35C65BA4-86AF-43AE-9159-5CEE9D27C51D}.POSIX_RELEASE|x86.ActiveCfg = Release|x86
		{35C65BA4-86AF-43AE-9159-5CEE9D27C51D}.POSIX_RELEASE|x86.Build.0 = Release|x86
		{35C65BA4-86AF-43AE-9159-5CEE9D27C51D}.Release|x64.ActiveCfg = Release|x86
		{35C65BA4-86AF-43AE-9159-5CEE9D27C51D}.Release|x86.ActiveCfg = Release|x86
		{35C65BA4-86AF-43AE-9159-5CEE9D27C51D}.Release|x86.Build.0 = Release|x86
		{CB79FF77-F94F-4E4B-A860-7BF941EAA2B6}.Debug|x64.ActiveCfg = Debug|x86
		{CB79FF77-F94F-4E4B-A860-7BF941EAA2B6}.Debug|x86.ActiveCfg = Debug|x86
		{CB79FF77-F94F-4E4B-A860-7BF941EAA2B6}.Debug|x86.Build.0 = Debug|x86
		{CB79FF77-F94F-4E4B-A860-7BF941EAA2B6}.POSIX_DEBUG|x64.ActiveCfg = Release|x86
		{CB79FF77-F94F-4E4B-A860-7BF941EAA2B6}.POSIX_DEBUG|x86.ActiveCfg = Release|x86
		{CB79FF77-F94F-4E4B-A860-7BF941EAA2B6}.POSIX_DEBUG|x86.Build.0 = Release|x86
		{CB79FF77-F94F-4E4B-A860-7BF941EAA2B6}.POSIX_RELEASE|x64.ActiveCfg = Release|x86
		{CB79FF77-F94F-4E4B-A860-7BF941EAA2B6}.POSIX_RELEASE|x86.ActiveCfg = Release|x86
		{CB79FF77-F94F-4E4B-A860-7BF941EAA2B6}.POSIX_RELEASE|x86.Build.0 = Release|x86
		{CB79FF77-F94F-4E4B-A860-7BF941EAA2B6}.Release|x64.ActiveCfg = Release|x86
		{CB79FF77-F94F-4E4B-A860-7BF941EAA2B6}.Release|x86.ActiveCfg = Release|x86
		{CB79FF77-F94F-4E4B-A860-7BF941EAA2B6}.Release|x86.Build.0 = Release|x86
		{E30D3D43-99B4-48ED-B060-56D88C77CCD0}.Debug|x64.ActiveCfg = Debug|x86
		{E30D3D43-99B4-48ED-B060-56D88C77CCD0}.Debug|x86.ActiveCfg = Debug|x86
		{E30D3D43-99B4-48ED-B060-56D88C77CCD0}.Debug|x86.Build.0 = Debug|x86
		{E30D3D43-99B4-48ED-B060-56D88C77CCD0}.POSIX_DEBUG|x64.ActiveCfg = Release|x86
		{E30D3D43-99B4-48ED-B060-56D88C77CCD0}.POSIX_DEBUG|x86.ActiveCfg = Release|x86
		{E30D3D43-99B4-48ED-B060-56D88C77CCD0}.POSIX_DEBUG|x86.Build.0 = Release|x86
		{E30D3D43-99B4-48ED-B060-56D88C77CCD0}.POSIX_RELEASE|x64.ActiveCfg = Release|x86
		{E30D3D43-99B4-48ED-B060-56D88C77CCD0}.POSIX_RELEASE|x86.ActiveCfg = Release|x86
		{E30D3D43-99B4-48ED-B060-56D88C77CCD0}.POSIX_RELEASE|x86.Build.0 = Release|x86
		{E30D3D43-99B4-48ED-B060-56D88C77CCD0}.Release|x64.ActiveCfg = Release|x86
		{E30D3D43-99B4-48ED-B060-56D88C77CCD0}.Release|x86.ActiveCfg = Release|x86
		{E30D3D43-99B4-48ED-B060-56D88C77CCD0}.Release|x86.Build.0 = Release|x86
		{FE6D6CDD-8A04-4A3A-A654-5C687AB724E3}.Debug|x64.ActiveCfg = Debug|x64
		{FE6D6CDD-8A04-4A3A-A654-5C687AB724E3}.Debug|x64.Build.0 = Debug|x64
		{FE6D6CDD-8A04-4A3A-A654-5C687AB724E3}.Debug|x86.ActiveCfg = Debug|x86
		{FE6D6CDD-8A04-4A3A-A654-5C687AB724E3}.Debug|x86.Build.0 = Debug|x86
		{FE6D6CDD-8A04-4A3A-A654-5C687AB724E3}.POSIX_DEBUG|x64.ActiveCfg = POSIX_DEBUG|x64
		{FE6D6CDD-8A04-4A3A-A654-5C687AB724E3}.POSIX_DEBUG|x64.Build.0 = POSIX_DEBUG|x64
		{FE6D6CDD-8A04-4A3A-A654-5C687AB724E3}.POSIX_DEBUG|x86.ActiveCfg = POSIX_DEBUG|x86
		{FE6D6CDD-8A04-4A3A-A654-5C687AB724E3}.POSIX_DEBUG|x86.Build.0 = POSIX_DEBUG|x86
		{FE6D6CDD-8A04-4A3A-A654-5C687AB724E3}.POSIX_RELEASE|x64.ActiveCfg = POSIX_RELEASE|x64
		{FE6D6CDD-8A04-4A3A-A654-5C687AB724E3}.POSIX_RELEASE|x64.Build.0 = POSIX_RELEASE|x64
		{FE6D6CDD-8A04-4A3A-A654-5C687AB724E3}.POSIX_RELEASE|x86.ActiveCfg = POSIX_RELEASE|x86
		{FE6D6CDD-8A04-4A3A-A654-5C687AB724E3}.POSIX_RELEASE|x86.Build.0 = POSIX_RELEASE|x86
		{FE6D6CDD-8A04-4A3A-A654-5C687AB724E3}.Release|x64.ActiveCfg = Release|x64
		{FE6D6CDD-8A04-4A3A-A654-5C687AB724E3}.Release|x64.Build.0 = Release|x64
		{FE6D6CDD-8A04-4A3A-A654-5C687AB724E3}.Release|x86.ActiveCfg = Release|x86
		{FE6D6CDD-8A04-4A3A-A654-5C687AB724E3}.Release|x86.Build.0 = Release|x86
	EndGlobalSection
	GlobalSection(MonoDevelopProperties) = preSolution
		version = 2.0.0.0
		StartupItem = clrzmq\clrzmq.csproj
	EndGlobalSection
	GlobalSection(SolutionProperties) = preSolution
		HideSolutionNode = FALSE
	EndGlobalSection
EndGlobal
